<Solution>
  <Folder Name="/Task0/">
    <Project Path="Tyuiu.KravchenkoDS.Sprint0.Task0.V0/Tyuiu.KravchenkoDS.Sprint0.Task0.V0.csproj" />
  </Folder>
  <Folder Name="/Task1/">
    <Project Path="Tyuiu.KravchenkoDS.Sprint0.Task1.V0/Tyuiu.KravchenkoDS.Sprint0.Task1.V0.csproj" Id="72fe510b-c1ae-4b37-9d2a-5eeaccd5712b" />
  </Folder>
  <Folder Name="/Task2/">
    <Project Path="Tyuiu.KravchenkoDS.Sprint0.Task2.V0.Lib/Tyuiu.KravchenkoDS.Sprint0.Task2.V0.Lib.csproj" Id="5929e964-7b17-49fe-b6b9-87100ba40eaf" />
    <Project Path="Tyuiu.KravchenkoDS.Sprint0.Task2.V0.Test/Tyuiu.KravchenkoDS.Sprint0.Task2.V0.Test.csproj" Id="a6998454-ab35-43ef-a088-9edacc18018d" />
    <Project Path="Tyuiu.KravchenkoDS.Sprint0.Task2.V0/Tyuiu.KravchenkoDS.Sprint0.Task2.V0.csproj" Id="aa818b18-e23b-48cb-b2e0-5ab19b407929" />
  </Folder>
  <Folder Name="/Task3/">
    <Project Path="Tyuiu.KravchenkoDS.Sprint0.Task3.V0.Lib/Tyuiu.KravchenkoDS.Sprint0.Task3.V0.Lib.csproj" Id="a64d3341-2999-40f6-ae05-1cf30e31c42c" />
    <Project Path="Tyuiu.KravchenkoDS.Sprint0.Task3.V0.Test/Tyuiu.KravchenkoDS.Sprint0.Task3.V0.Test.csproj" Id="6e533add-16d0-4e56-ad8f-1f84828677d3" />
    <Project Path="Tyuiu.KravchenkoDS.Sprint0.Task3.V0/Tyuiu.KravchenkoDS.Sprint0.Task3.V0.csproj" Id="cade2b07-5a64-43b2-b56f-61c2dc1edfb2" />
  </Folder>
</Solution>
